# THIS IS AN AUTOGENERATED FILE. DO NOT EDIT THIS FILE DIRECTLY.
# yarn lockfile v1


tic-tac-toe-playing-algorithms@^1.0.0:
  version "1.0.0"
  resolved "https://registry.yarnpkg.com/tic-tac-toe-playing-algorithms/-/tic-tac-toe-playing-algorithms-1.0.0.tgz#01f1d0d4cfcc1a930fc8002c92f4c178d005ca6f"
